
Microsoft Visual Studio Solution File, Format Version 12.00
# Visual Studio 15
VisualStudioVersion = 15.0.28307.572
MinimumVisualStudioVersion = 10.0.40219.1
Project("{FAE04EC0-301F-11D3-BF4B-00C04F79EFBC}") = "BIMArchCloud.Web", "BIMArchCloud.Web\BIMArchCloud.Web.csproj", "{1D5EFE9D-2C51-4159-9389-47C14F25DB99}"
EndProject
Project("{FAE04EC0-301F-11D3-BF4B-00C04F79EFBC}") = "BIMArchCloud.Service", "BIMArchCloud.Service\BIMArchCloud.Service.csproj", "{52D503C5-2030-4947-9055-CE0A8B94E34A}"
EndProject
Project("{2150E333-8FDC-42A3-9474-1A3956D46DE8}") = "Tests", "Tests", "{7DC6268C-0905-4781-8499-FD4B3FC6141A}"
EndProject
Project("{FAE04EC0-301F-11D3-BF4B-00C04F79EFBC}") = "BIMArchCloud.Web.Tests", "BIMArchCloud.Web.Tests\BIMArchCloud.Web.Tests.csproj", "{83DEBAA3-4B5C-41C0-A664-5E60440863B6}"
EndProject
Project("{FAE04EC0-301F-11D3-BF4B-00C04F79EFBC}") = "BIMArchCloud.Service.Tests", "BIMArchCloud.Service.Tests\BIMArchCloud.Service.Tests.csproj", "{7EA5969E-4FE0-4CC5-9148-ED471FB39EDE}"
EndProject
Global
	GlobalSection(SolutionConfigurationPlatforms) = preSolution
		Debug|Any CPU = Debug|Any CPU
		Release|Any CPU = Release|Any CPU
	EndGlobalSection
	GlobalSection(ProjectConfigurationPlatforms) = postSolution
		{1D5EFE9D-2C51-4159-9389-47C14F25DB99}.Debug|Any CPU.ActiveCfg = Debug|Any CPU
		{1D5EFE9D-2C51-4159-9389-47C14F25DB99}.Debug|Any CPU.Build.0 = Debug|Any CPU
		{1D5EFE9D-2C51-4159-9389-47C14F25DB99}.Release|Any CPU.ActiveCfg = Release|Any CPU
		{1D5EFE9D-2C51-4159-9389-47C14F25DB99}.Release|Any CPU.Build.0 = Release|Any CPU
		{52D503C5-2030-4947-9055-CE0A8B94E34A}.Debug|Any CPU.ActiveCfg = Debug|Any CPU
		{52D503C5-2030-4947-9055-CE0A8B94E34A}.Debug|Any CPU.Build.0 = Debug|Any CPU
		{52D503C5-2030-4947-9055-CE0A8B94E34A}.Release|Any CPU.ActiveCfg = Release|Any CPU
		{52D503C5-2030-4947-9055-CE0A8B94E34A}.Release|Any CPU.Build.0 = Release|Any CPU
		{83DEBAA3-4B5C-41C0-A664-5E60440863B6}.Debug|Any CPU.ActiveCfg = Debug|Any CPU
		{83DEBAA3-4B5C-41C0-A664-5E60440863B6}.Debug|Any CPU.Build.0 = Debug|Any CPU
		{83DEBAA3-4B5C-41C0-A664-5E60440863B6}.Release|Any CPU.ActiveCfg = Release|Any CPU
		{83DEBAA3-4B5C-41C0-A664-5E60440863B6}.Release|Any CPU.Build.0 = Release|Any CPU
		{7EA5969E-4FE0-4CC5-9148-ED471FB39EDE}.Debug|Any CPU.ActiveCfg = Debug|Any CPU
		{7EA5969E-4FE0-4CC5-9148-ED471FB39EDE}.Debug|Any CPU.Build.0 = Debug|Any CPU
		{7EA5969E-4FE0-4CC5-9148-ED471FB39EDE}.Release|Any CPU.ActiveCfg = Release|Any CPU
		{7EA5969E-4FE0-4CC5-9148-ED471FB39EDE}.Release|Any CPU.Build.0 = Release|Any CPU
	EndGlobalSection
	GlobalSection(SolutionProperties) = preSolution
		HideSolutionNode = FALSE
	EndGlobalSection
	GlobalSection(NestedProjects) = preSolution
		{83DEBAA3-4B5C-41C0-A664-5E60440863B6} = {7DC6268C-0905-4781-8499-FD4B3FC6141A}
		{7EA5969E-4FE0-4CC5-9148-ED471FB39EDE} = {7DC6268C-0905-4781-8499-FD4B3FC6141A}
	EndGlobalSection
	GlobalSection(ExtensibilityGlobals) = postSolution
		SolutionGuid = {4DD62583-DE74-4367-A526-B52515A141BB}
	EndGlobalSection
EndGlobal
