
Microsoft Visual Studio Solution File, Format Version 12.00
# Visual Studio Version 16
VisualStudioVersion = 16.0.29319.158
MinimumVisualStudioVersion = 10.0.40219.1
Project("{FAE04EC0-301F-11D3-BF4B-00C04F79EFBC}") = "BIMArchCloud.Web", "BIMArchCloud.Web\BIMArchCloud.Web.csproj", "{1D5EFE9D-2C51-4159-9389-47C14F25DB99}"
EndProject
Project("{2150E333-8FDC-42A3-9474-1A3956D46DE8}") = "Tests", "Tests", "{7DC6268C-0905-4781-8499-FD4B3FC6141A}"
EndProject
Project("{FAE04EC0-301F-11D3-BF4B-00C04F79EFBC}") = "BIMArchCloud.Web.Tests", "BIMArchCloud.Web.Tests\BIMArchCloud.Web.Tests.csproj", "{83DEBAA3-4B5C-41C0-A664-5E60440863B6}"
EndProject
Project("{FAE04EC0-301F-11D3-BF4B-00C04F79EFBC}") = "BIMArchCloud.API", "BIMArchCloud.API\BIMArchCloud.API.csproj", "{B7101C54-B962-43A8-8310-F448138A082A}"
EndProject
Project("{FAE04EC0-301F-11D3-BF4B-00C04F79EFBC}") = "BIMArchCloud.API.Tests", "BIMArchCloud.API.Tests\BIMArchCloud.API.Tests.csproj", "{9010408B-80AC-419C-9387-E5D126DF86EE}"
EndProject
Global
	GlobalSection(SolutionConfigurationPlatforms) = preSolution
		Debug|Any CPU = Debug|Any CPU
		Release|Any CPU = Release|Any CPU
	EndGlobalSection
	GlobalSection(ProjectConfigurationPlatforms) = postSolution
		{1D5EFE9D-2C51-4159-9389-47C14F25DB99}.Debug|Any CPU.ActiveCfg = Debug|Any CPU
		{1D5EFE9D-2C51-4159-9389-47C14F25DB99}.Debug|Any CPU.Build.0 = Debug|Any CPU
		{1D5EFE9D-2C51-4159-9389-47C14F25DB99}.Release|Any CPU.ActiveCfg = Release|Any CPU
		{1D5EFE9D-2C51-4159-9389-47C14F25DB99}.Release|Any CPU.Build.0 = Release|Any CPU
		{83DEBAA3-4B5C-41C0-A664-5E60440863B6}.Debug|Any CPU.ActiveCfg = Debug|Any CPU
		{83DEBAA3-4B5C-41C0-A664-5E60440863B6}.Debug|Any CPU.Build.0 = Debug|Any CPU
		{83DEBAA3-4B5C-41C0-A664-5E60440863B6}.Release|Any CPU.ActiveCfg = Release|Any CPU
		{83DEBAA3-4B5C-41C0-A664-5E60440863B6}.Release|Any CPU.Build.0 = Release|Any CPU
		{B7101C54-B962-43A8-8310-F448138A082A}.Debug|Any CPU.ActiveCfg = Debug|Any CPU
		{B7101C54-B962-43A8-8310-F448138A082A}.Debug|Any CPU.Build.0 = Debug|Any CPU
		{B7101C54-B962-43A8-8310-F448138A082A}.Release|Any CPU.ActiveCfg = Release|Any CPU
		{B7101C54-B962-43A8-8310-F448138A082A}.Release|Any CPU.Build.0 = Release|Any CPU
		{9010408B-80AC-419C-9387-E5D126DF86EE}.Debug|Any CPU.ActiveCfg = Debug|Any CPU
		{9010408B-80AC-419C-9387-E5D126DF86EE}.Debug|Any CPU.Build.0 = Debug|Any CPU
		{9010408B-80AC-419C-9387-E5D126DF86EE}.Release|Any CPU.ActiveCfg = Release|Any CPU
		{9010408B-80AC-419C-9387-E5D126DF86EE}.Release|Any CPU.Build.0 = Release|Any CPU
	EndGlobalSection
	GlobalSection(SolutionProperties) = preSolution
		HideSolutionNode = FALSE
	EndGlobalSection
	GlobalSection(NestedProjects) = preSolution
		{83DEBAA3-4B5C-41C0-A664-5E60440863B6} = {7DC6268C-0905-4781-8499-FD4B3FC6141A}
		{9010408B-80AC-419C-9387-E5D126DF86EE} = {7DC6268C-0905-4781-8499-FD4B3FC6141A}
	EndGlobalSection
	GlobalSection(ExtensibilityGlobals) = postSolution
		SolutionGuid = {4DD62583-DE74-4367-A526-B52515A141BB}
	EndGlobalSection
EndGlobal
